
Microsoft Visual Studio Solution File, Format Version 12.00
Project("{FAE04EC0-301F-11D3-BF4B-00C04F79EFBC}") = "GoTests", "GoTests\GoTests.csproj", "{ABC853A8-FA16-4520-8731-5DCD2FBA6851}"
EndProject
Project("{FAE04EC0-301F-11D3-BF4B-00C04F79EFBC}") = "GoGame", "GoGame.csproj", "{28CF14FC-0C0D-4856-A9CE-53A643D1FF80}"
EndProject
Global
	GlobalSection(SolutionConfigurationPlatforms) = preSolution
		Debug|Any CPU = Debug|Any CPU
		Release|Any CPU = Release|Any CPU
	EndGlobalSection
	GlobalSection(ProjectConfigurationPlatforms) = postSolution
		{ABC853A8-FA16-4520-8731-5DCD2FBA6851}.Debug|Any CPU.ActiveCfg = Debug|Any CPU
		{ABC853A8-FA16-4520-8731-5DCD2FBA6851}.Debug|Any CPU.Build.0 = Debug|Any CPU
		{ABC853A8-FA16-4520-8731-5DCD2FBA6851}.Release|Any CPU.ActiveCfg = Release|Any CPU
		{ABC853A8-FA16-4520-8731-5DCD2FBA6851}.Release|Any CPU.Build.0 = Release|Any CPU
		{28CF14FC-0C0D-4856-A9CE-53A643D1FF80}.Debug|Any CPU.ActiveCfg = Debug|Any CPU
		{28CF14FC-0C0D-4856-A9CE-53A643D1FF80}.Debug|Any CPU.Build.0 = Debug|Any CPU
		{28CF14FC-0C0D-4856-A9CE-53A643D1FF80}.Release|Any CPU.ActiveCfg = Release|Any CPU
		{28CF14FC-0C0D-4856-A9CE-53A643D1FF80}.Release|Any CPU.Build.0 = Release|Any CPU
	EndGlobalSection
EndGlobal
